// !$*UTF8*$!
{
	archiveVersion = 1;
	classes = {
	};
	objectVersion = 46;
	objects = {

/* Begin PBXBuildFile section */
		527306B11E8CD5FA00EE0936 /* main.m in Sources */ = {isa = PBXBuildFile; fileRef = 527306B01E8CD5FA00EE0936 /* main.m */; };
		527306B41E8CD5FA00EE0936 /* AppDelegate.m in Sources */ = {isa = PBXBuildFile; fileRef = 527306B31E8CD5FA00EE0936 /* AppDelegate.m */; };
		527306B71E8CD5FA00EE0936 /* ViewController.m in Sources */ = {isa = PBXBuildFile; fileRef = 527306B61E8CD5FA00EE0936 /* ViewController.m */; };
		527306BA1E8CD5FA00EE0936 /* Main.storyboard in Resources */ = {isa = PBXBuildFile; fileRef = 527306B81E8CD5FA00EE0936 /* Main.storyboard */; };
		527306BC1E8CD5FA00EE0936 /* Assets.xcassets in Resources */ = {isa = PBXBuildFile; fileRef = 527306BB1E8CD5FA00EE0936 /* Assets.xcassets */; };
		527306BF1E8CD5FA00EE0936 /* LaunchScreen.storyboard in Resources */ = {isa = PBXBuildFile; fileRef = 527306BD1E8CD5FA00EE0936 /* LaunchScreen.storyboard */; };
		527306CA1E8CD5FB00EE0936 /* TABIIBTests.m in Sources */ = {isa = PBXBuildFile; fileRef = 527306C91E8CD5FB00EE0936 /* TABIIBTests.m */; };
		527306D51E8CD5FB00EE0936 /* TABIIBUITests.m in Sources */ = {isa = PBXBuildFile; fileRef = 527306D41E8CD5FB00EE0936 /* TABIIBUITests.m */; };
/* End PBXBuildFile section */

/* Begin PBXContainerItemProxy section */
		527306C61E8CD5FB00EE0936 /* PBXContainerItemProxy */ = {
			isa = PBXContainerItemProxy;
			containerPortal = 527306A41E8CD5FA00EE0936 /* Project object */;
			proxyType = 1;
			remoteGlobalIDString = 527306AB1E8CD5FA00EE0936;
			remoteInfo = TABIIB;
		};
		527306D11E8CD5FB00EE0936 /* PBXContainerItemProxy */ = {
			isa = PBXContainerItemProxy;
			containerPortal = 527306A41E8CD5FA00EE0936 /* Project object */;
			proxyType = 1;
			remoteGlobalIDString = 527306AB1E8CD5FA00EE0936;
			remoteInfo = TABIIB;
		};
/* End PBXContainerItemProxy section */

/* Begin PBXFileReference section */
		527306AC1E8CD5FA00EE0936 /* TABIIB.app */ = {isa = PBXFileReference; explicitFileType = wrapper.application; includeInIndex = 0; path = TABIIB.app; sourceTree = BUILT_PRODUCTS_DIR; };
		527306B01E8CD5FA00EE0936 /* main.m */ = {isa = PBXFileReference; lastKnownFileType = sourcecode.c.objc; path = main.m; sourceTree = "<group>"; };
		527306B21E8CD5FA00EE0936 /* AppDelegate.h */ = {isa = PBXFileReference; lastKnownFileType = sourcecode.c.h; path = AppDelegate.h; sourceTree = "<group>"; };
		527306B31E8CD5FA00EE0936 /* AppDelegate.m */ = {isa = PBXFileReference; lastKnownFileType = sourcecode.c.objc; path = AppDelegate.m; sourceTree = "<group>"; };
		527306B51E8CD5FA00EE0936 /* ViewController.h */ = {isa = PBXFileReference; lastKnownFileType = sourcecode.c.h; path = ViewController.h; sourceTree = "<group>"; };
		527306B61E8CD5FA00EE0936 /* ViewController.m */ = {isa = PBXFileReference; lastKnownFileType = sourcecode.c.objc; path = ViewController.m; sourceTree = "<group>"; };
		527306B91E8CD5FA00EE0936 /* Base */ = {isa = PBXFileReference; lastKnownFileType = file.storyboard; name = Base; path = Base.lproj/Main.storyboard; sourceTree = "<group>"; };
		527306BB1E8CD5FA00EE0936 /* Assets.xcassets */ = {isa = PBXFileReference; lastKnownFileType = folder.assetcatalog; path = Assets.xcassets; sourceTree = "<group>"; };
		527306BE1E8CD5FA00EE0936 /* Base */ = {isa = PBXFileReference; lastKnownFileType = file.storyboard; name = Base; path = Base.lproj/LaunchScreen.storyboard; sourceTree = "<group>"; };
		527306C01E8CD5FA00EE0936 /* Info.plist */ = {isa = PBXFileReference; lastKnownFileType = text.plist.xml; path = Info.plist; sourceTree = "<group>"; };
		527306C51E8CD5FB00EE0936 /* TABIIBTests.xctest */ = {isa = PBXFileReference; explicitFileType = wrapper.cfbundle; includeInIndex = 0; path = TABIIBTests.xctest; sourceTree = BUILT_PRODUCTS_DIR; };
		527306C91E8CD5FB00EE0936 /* TABIIBTests.m */ = {isa = PBXFileReference; lastKnownFileType = sourcecode.c.objc; path = TABIIBTests.m; sourceTree = "<group>"; };
		527306CB1E8CD5FB00EE0936 /* Info.plist */ = {isa = PBXFileReference; lastKnownFileType = text.plist.xml; path = Info.plist; sourceTree = "<group>"; };
		527306D01E8CD5FB00EE0936 /* TABIIBUITests.xctest */ = {isa = PBXFileReference; explicitFileType = wrapper.cfbundle; includeInIndex = 0; path = TABIIBUITests.xctest; sourceTree = BUILT_PRODUCTS_DIR; };
		527306D41E8CD5FB00EE0936 /* TABIIBUITests.m */ = {isa = PBXFileReference; lastKnownFileType = sourcecode.c.objc; path = TABIIBUITests.m; sourceTree = "<group>"; };
		527306D61E8CD5FB00EE0936 /* Info.plist */ = {isa = PBXFileReference; lastKnownFileType = text.plist.xml; path = Info.plist; sourceTree = "<group>"; };
/* End PBXFileReference section */

/* Begin PBXFrameworksBuildPhase section */
		527306A91E8CD5FA00EE0936 /* Frameworks */ = {
			isa = PBXFrameworksBuildPhase;
			buildActionMask = 2147483647;
			files = (
			);
			runOnlyForDeploymentPostprocessing = 0;
		};
		527306C21E8CD5FB00EE0936 /* Frameworks */ = {
			isa = PBXFrameworksBuildPhase;
			buildActionMask = 2147483647;
			files = (
			);
			runOnlyForDeploymentPostprocessing = 0;
		};
		527306CD1E8CD5FB00EE0936 /* Frameworks */ = {
			isa = PBXFrameworksBuildPhase;
			buildActionMask = 2147483647;
			files = (
			);
			runOnlyForDeploymentPostprocessing = 0;
		};
/* End PBXFrameworksBuildPhase section */

/* Begin PBXGroup section */
		527306A31E8CD5FA00EE0936 = {
			isa = PBXGroup;
			children = (
				527306AE1E8CD5FA00EE0936 /* TABIIB */,
				527306C81E8CD5FB00EE0936 /* TABIIBTests */,
				527306D31E8CD5FB00EE0936 /* TABIIBUITests */,
				527306AD1E8CD5FA00EE0936 /* Products */,
			);
			sourceTree = "<group>";
		};
		527306AD1E8CD5FA00EE0936 /* Products */ = {
			isa = PBXGroup;
			children = (
				527306AC1E8CD5FA00EE0936 /* TABIIB.app */,
				527306C51E8CD5FB00EE0936 /* TABIIBTests.xctest */,
				527306D01E8CD5FB00EE0936 /* TABIIBUITests.xctest */,
			);
			name = Products;
			sourceTree = "<group>";
		};
		527306AE1E8CD5FA00EE0936 /* TABIIB */ = {
			isa = PBXGroup;
			children = (
				527306B21E8CD5FA00EE0936 /* AppDelegate.h */,
				527306B31E8CD5FA00EE0936 /* AppDelegate.m */,
				527306B51E8CD5FA00EE0936 /* ViewController.h */,
				527306B61E8CD5FA00EE0936 /* ViewController.m */,
				527306B81E8CD5FA00EE0936 /* Main.storyboard */,
				527306BB1E8CD5FA00EE0936 /* Assets.xcassets */,
				527306BD1E8CD5FA00EE0936 /* LaunchScreen.storyboard */,
				527306C01E8CD5FA00EE0936 /* Info.plist */,
				527306AF1E8CD5FA00EE0936 /* Supporting Files */,
			);
			path = TABIIB;
			sourceTree = "<group>";
		};
		527306AF1E8CD5FA00EE0936 /* Supporting Files */ = {
			isa = PBXGroup;
			children = (
				527306B01E8CD5FA00EE0936 /* main.m */,
			);
			name = "Supporting Files";
			sourceTree = "<group>";
		};
		527306C81E8CD5FB00EE0936 /* TABIIBTests */ = {
			isa = PBXGroup;
			children = (
				527306C91E8CD5FB00EE0936 /* TABIIBTests.m */,
				527306CB1E8CD5FB00EE0936 /* Info.plist */,
			);
			path = TABIIBTests;
			sourceTree = "<group>";
		};
		527306D31E8CD5FB00EE0936 /* TABIIBUITests */ = {
			isa = PBXGroup;
			children = (
				527306D41E8CD5FB00EE0936 /* TABIIBUITests.m */,
				527306D61E8CD5FB00EE0936 /* Info.plist */,
			);
			path = TABIIBUITests;
			sourceTree = "<group>";
		};
/* End PBXGroup section */

/* Begin PBXNativeTarget section */
		527306AB1E8CD5FA00EE0936 /* TABIIB */ = {
			isa = PBXNativeTarget;
			buildConfigurationList = 527306D91E8CD5FB00EE0936 /* Build configuration list for PBXNativeTarget "TABIIB" */;
			buildPhases = (
				527306A81E8CD5FA00EE0936 /* Sources */,
				527306A91E8CD5FA00EE0936 /* Frameworks */,
				527306AA1E8CD5FA00EE0936 /* Resources */,
			);
			buildRules = (
			);
			dependencies = (
			);
			name = TABIIB;
			productName = TABIIB;
			productReference = 527306AC1E8CD5FA00EE0936 /* TABIIB.app */;
			productType = "com.apple.product-type.application";
		};
		527306C41E8CD5FB00EE0936 /* TABIIBTests */ = {
			isa = PBXNativeTarget;
			buildConfigurationList = 527306DC1E8CD5FB00EE0936 /* Build configuration list for PBXNativeTarget "TABIIBTests" */;
			buildPhases = (
				527306C11E8CD5FB00EE0936 /* Sources */,
				527306C21E8CD5FB00EE0936 /* Frameworks */,
				527306C31E8CD5FB00EE0936 /* Resources */,
			);
			buildRules = (
			);
			dependencies = (
				527306C71E8CD5FB00EE0936 /* PBXTargetDependency */,
			);
			name = TABIIBTests;
			productName = TABIIBTests;
			productReference = 527306C51E8CD5FB00EE0936 /* TABIIBTests.xctest */;
			productType = "com.apple.product-type.bundle.unit-test";
		};
		527306CF1E8CD5FB00EE0936 /* TABIIBUITests */ = {
			isa = PBXNativeTarget;
			buildConfigurationList = 527306DF1E8CD5FB00EE0936 /* Build configuration list for PBXNativeTarget "TABIIBUITests" */;
			buildPhases = (
				527306CC1E8CD5FB00EE0936 /* Sources */,
				527306CD1E8CD5FB00EE0936 /* Frameworks */,
				527306CE1E8CD5FB00EE0936 /* Resources */,
			);
			buildRules = (
			);
			dependencies = (
				527306D21E8CD5FB00EE0936 /* PBXTargetDependency */,
			);
			name = TABIIBUITests;
			productName = TABIIBUITests;
			productReference = 527306D01E8CD5FB00EE0936 /* TABIIBUITests.xctest */;
			productType = "com.apple.product-type.bundle.ui-testing";
		};
/* End PBXNativeTarget section */

/* Begin PBXProject section */
		527306A41E8CD5FA00EE0936 /* Project object */ = {
			isa = PBXProject;
			attributes = {
				LastUpgradeCheck = 0820;
				ORGANIZATIONNAME = "blissit .solution";
				TargetAttributes = {
					527306AB1E8CD5FA00EE0936 = {
						CreatedOnToolsVersion = 8.2.1;
						ProvisioningStyle = Automatic;
					};
					527306C41E8CD5FB00EE0936 = {
						CreatedOnToolsVersion = 8.2.1;
						ProvisioningStyle = Automatic;
						TestTargetID = 527306AB1E8CD5FA00EE0936;
					};
					527306CF1E8CD5FB00EE0936 = {
						CreatedOnToolsVersion = 8.2.1;
						ProvisioningStyle = Automatic;
						TestTargetID = 527306AB1E8CD5FA00EE0936;
					};
				};
			};
			buildConfigurationList = 527306A71E8CD5FA00EE0936 /* Build configuration list for PBXProject "TABIIB" */;
			compatibilityVersion = "Xcode 3.2";
			developmentRegion = English;
			hasScannedForEncodings = 0;
			knownRegions = (
				en,
				Base,
			);
			mainGroup = 527306A31E8CD5FA00EE0936;
			productRefGroup = 527306AD1E8CD5FA00EE0936 /* Products */;
			projectDirPath = "";
			projectRoot = "";
			targets = (
				527306AB1E8CD5FA00EE0936 /* TABIIB */,
				527306C41E8CD5FB00EE0936 /* TABIIBTests */,
				527306CF1E8CD5FB00EE0936 /* TABIIBUITests */,
			);
		};
/* End PBXProject section */

/* Begin PBXResourcesBuildPhase section */
		527306AA1E8CD5FA00EE0936 /* Resources */ = {
			isa = PBXResourcesBuildPhase;
			buildActionMask = 2147483647;
			files = (
				527306BF1E8CD5FA00EE0936 /* LaunchScreen.storyboard in Resources */,
				527306BC1E8CD5FA00EE0936 /* Assets.xcassets in Resources */,
				527306BA1E8CD5FA00EE0936 /* Main.storyboard in Resources */,
			);
			runOnlyForDeploymentPostprocessing = 0;
		};
		527306C31E8CD5FB00EE0936 /* Resources */ = {
			isa = PBXResourcesBuildPhase;
			buildActionMask = 2147483647;
			files = (
			);
			runOnlyForDeploymentPostprocessing = 0;
		};
		527306CE1E8CD5FB00EE0936 /* Resources */ = {
			isa = PBXResourcesBuildPhase;
			buildActionMask = 2147483647;
			files = (
			);
			runOnlyForDeploymentPostprocessing = 0;
		};
/* End PBXResourcesBuildPhase section */

/* Begin PBXSourcesBuildPhase section */
		527306A81E8CD5FA00EE0936 /* Sources */ = {
			isa = PBXSourcesBuildPhase;
			buildActionMask = 2147483647;
			files = (
				527306B71E8CD5FA00EE0936 /* ViewController.m in Sources */,
				527306B41E8CD5FA00EE0936 /* AppDelegate.m in Sources */,
				527306B11E8CD5FA00EE0936 /* main.m in Sources */,
			);
			runOnlyForDeploymentPostprocessing = 0;
		};
		527306C11E8CD5FB00EE0936 /* Sources */ = {
			isa = PBXSourcesBuildPhase;
			buildActionMask = 2147483647;
			files = (
				527306CA1E8CD5FB00EE0936 /* TABIIBTests.m in Sources */,
			);
			runOnlyForDeploymentPostprocessing = 0;
		};
		527306CC1E8CD5FB00EE0936 /* Sources */ = {
			isa = PBXSourcesBuildPhase;
			buildActionMask = 2147483647;
			files = (
				527306D51E8CD5FB00EE0936 /* TABIIBUITests.m in Sources */,
			);
			runOnlyForDeploymentPostprocessing = 0;
		};
/* End PBXSourcesBuildPhase section */

/* Begin PBXTargetDependency section */
		527306C71E8CD5FB00EE0936 /* PBXTargetDependency */ = {
			isa = PBXTargetDependency;
			target = 527306AB1E8CD5FA00EE0936 /* TABIIB */;
			targetProxy = 527306C61E8CD5FB00EE0936 /* PBXContainerItemProxy */;
		};
		527306D21E8CD5FB00EE0936 /* PBXTargetDependency */ = {
			isa = PBXTargetDependency;
			target = 527306AB1E8CD5FA00EE0936 /* TABIIB */;
			targetProxy = 527306D11E8CD5FB00EE0936 /* PBXContainerItemProxy */;
		};
/* End PBXTargetDependency section */

/* Begin PBXVariantGroup section */
		527306B81E8CD5FA00EE0936 /* Main.storyboard */ = {
			isa = PBXVariantGroup;
			children = (
				527306B91E8CD5FA00EE0936 /* Base */,
			);
			name = Main.storyboard;
			sourceTree = "<group>";
		};
		527306BD1E8CD5FA00EE0936 /* LaunchScreen.storyboard */ = {
			isa = PBXVariantGroup;
			children = (
				527306BE1E8CD5FA00EE0936 /* Base */,
			);
			name = LaunchScreen.storyboard;
			sourceTree = "<group>";
		};
/* End PBXVariantGroup section */

/* Begin XCBuildConfiguration section */
		527306D71E8CD5FB00EE0936 /* Debug */ = {
			isa = XCBuildConfiguration;
			buildSettings = {
				ALWAYS_SEARCH_USER_PATHS = NO;
				CLANG_ANALYZER_NONNULL = YES;
				CLANG_CXX_LANGUAGE_STANDARD = "gnu++0x";
				CLANG_CXX_LIBRARY = "libc++";
				CLANG_ENABLE_MODULES = YES;
				CLANG_ENABLE_OBJC_ARC = YES;
				CLANG_WARN_BOOL_CONVERSION = YES;
				CLANG_WARN_CONSTANT_CONVERSION = YES;
				CLANG_WARN_DIRECT_OBJC_ISA_USAGE = YES_ERROR;
				CLANG_WARN_DOCUMENTATION_COMMENTS = YES;
				CLANG_WARN_EMPTY_BODY = YES;
				CLANG_WARN_ENUM_CONVERSION = YES;
				CLANG_WARN_INFINITE_RECURSION = YES;
				CLANG_WARN_INT_CONVERSION = YES;
				CLANG_WARN_OBJC_ROOT_CLASS = YES_ERROR;
				CLANG_WARN_SUSPICIOUS_MOVE = YES;
				CLANG_WARN_UNREACHABLE_CODE = YES;
				CLANG_WARN__DUPLICATE_METHOD_MATCH = YES;
				"CODE_SIGN_IDENTITY[sdk=iphoneos*]" = "iPhone Developer";
				COPY_PHASE_STRIP = NO;
				DEBUG_INFORMATION_FORMAT = dwarf;
				ENABLE_STRICT_OBJC_MSGSEND = YES;
				ENABLE_TESTABILITY = YES;
				GCC_C_LANGUAGE_STANDARD = gnu99;
				GCC_DYNAMIC_NO_PIC = NO;
				GCC_NO_COMMON_BLOCKS = YES;
				GCC_OPTIMIZATION_LEVEL = 0;
				GCC_PREPROCESSOR_DEFINITIONS = (
					"DEBUG=1",
					"$(inherited)",
				);
				GCC_WARN_64_TO_32_BIT_CONVERSION = YES;
				GCC_WARN_ABOUT_RETURN_TYPE = YES_ERROR;
				GCC_WARN_UNDECLARED_SELECTOR = YES;
				GCC_WARN_UNINITIALIZED_AUTOS = YES_AGGRESSIVE;
				GCC_WARN_UNUSED_FUNCTION = YES;
				GCC_WARN_UNUSED_VARIABLE = YES;
				IPHONEOS_DEPLOYMENT_TARGET = 10.2;
				MTL_ENABLE_DEBUG_INFO = YES;
				ONLY_ACTIVE_ARCH = YES;
				SDKROOT = iphoneos;
				TARGETED_DEVICE_FAMILY = "1,2";
			};
			name = Debug;
		};
		527306D81E8CD5FB00EE0936 /* Release */ = {
			isa = XCBuildConfiguration;
			buildSettings = {
				ALWAYS_SEARCH_USER_PATHS = NO;
				CLANG_ANALYZER_NONNULL = YES;
				CLANG_CXX_LANGUAGE_STANDARD = "gnu++0x";
				CLANG_CXX_LIBRARY = "libc++";
				CLANG_ENABLE_MODULES = YES;
				CLANG_ENABLE_OBJC_ARC = YES;
				CLANG_WARN_BOOL_CONVERSION = YES;
				CLANG_WARN_CONSTANT_CONVERSION = YES;
				CLANG_WARN_DIRECT_OBJC_ISA_USAGE = YES_ERROR;
				CLANG_WARN_DOCUMENTATION_COMMENTS = YES;
				CLANG_WARN_EMPTY_BODY = YES;
				CLANG_WARN_ENUM_CONVERSION = YES;
				CLANG_WARN_INFINITE_RECURSION = YES;
				CLANG_WARN_INT_CONVERSION = YES;
				CLANG_WARN_OBJC_ROOT_CLASS = YES_ERROR;
				CLANG_WARN_SUSPICIOUS_MOVE = YES;
				CLANG_WARN_UNREACHABLE_CODE = YES;
				CLANG_WARN__DUPLICATE_METHOD_MATCH = YES;
				"CODE_SIGN_IDENTITY[sdk=iphoneos*]" = "iPhone Developer";
				COPY_PHASE_STRIP = NO;
				DEBUG_INFORMATION_FORMAT = "dwarf-with-dsym";
				ENABLE_NS_ASSERTIONS = NO;
				ENABLE_STRICT_OBJC_MSGSEND = YES;
				GCC_C_LANGUAGE_STANDARD = gnu99;
				GCC_NO_COMMON_BLOCKS = YES;
				GCC_WARN_64_TO_32_BIT_CONVERSION = YES;
				GCC_WARN_ABOUT_RETURN_TYPE = YES_ERROR;
				GCC_WARN_UNDECLARED_SELECTOR = YES;
				GCC_WARN_UNINITIALIZED_AUTOS = YES_AGGRESSIVE;
				GCC_WARN_UNUSED_FUNCTION = YES;
				GCC_WARN_UNUSED_VARIABLE = YES;
				IPHONEOS_DEPLOYMENT_TARGET = 10.2;
				MTL_ENABLE_DEBUG_INFO = NO;
				SDKROOT = iphoneos;
				TARGETED_DEVICE_FAMILY = "1,2";
				VALIDATE_PRODUCT = YES;
			};
			name = Release;
		};
		527306DA1E8CD5FB00EE0936 /* Debug */ = {
			isa = XCBuildConfiguration;
			buildSettings = {
				ASSETCATALOG_COMPILER_APPICON_NAME = AppIcon;
				INFOPLIST_FILE = TABIIB/Info.plist;
				LD_RUNPATH_SEARCH_PATHS = "$(inherited) @executable_path/Frameworks";
				PRODUCT_BUNDLE_IDENTIFIER = com.TABIIB;
				PRODUCT_NAME = "$(TARGET_NAME)";
			};
			name = Debug;
		};
		527306DB1E8CD5FB00EE0936 /* Release */ = {
			isa = XCBuildConfiguration;
			buildSettings = {
				ASSETCATALOG_COMPILER_APPICON_NAME = AppIcon;
				INFOPLIST_FILE = TABIIB/Info.plist;
				LD_RUNPATH_SEARCH_PATHS = "$(inherited) @executable_path/Frameworks";
				PRODUCT_BUNDLE_IDENTIFIER = com.TABIIB;
				PRODUCT_NAME = "$(TARGET_NAME)";
			};
			name = Release;
		};
		527306DD1E8CD5FB00EE0936 /* Debug */ = {
			isa = XCBuildConfiguration;
			buildSettings = {
				BUNDLE_LOADER = "$(TEST_HOST)";
				INFOPLIST_FILE = TABIIBTests/Info.plist;
				LD_RUNPATH_SEARCH_PATHS = "$(inherited) @executable_path/Frameworks @loader_path/Frameworks";
				PRODUCT_BUNDLE_IDENTIFIER = com.TABIIBTests;
				PRODUCT_NAME = "$(TARGET_NAME)";
				TEST_HOST = "$(BUILT_PRODUCTS_DIR)/TABIIB.app/TABIIB";
			};
			name = Debug;
		};
		527306DE1E8CD5FB00EE0936 /* Release */ = {
			isa = XCBuildConfiguration;
			buildSettings = {
				BUNDLE_LOADER = "$(TEST_HOST)";
				INFOPLIST_FILE = TABIIBTests/Info.plist;
				LD_RUNPATH_SEARCH_PATHS = "$(inherited) @executable_path/Frameworks @loader_path/Frameworks";
				PRODUCT_BUNDLE_IDENTIFIER = com.TABIIBTests;
				PRODUCT_NAME = "$(TARGET_NAME)";
				TEST_HOST = "$(BUILT_PRODUCTS_DIR)/TABIIB.app/TABIIB";
			};
			name = Release;
		};
		527306E01E8CD5FB00EE0936 /* Debug */ = {
			isa = XCBuildConfiguration;
			buildSettings = {
				INFOPLIST_FILE = TABIIBUITests/Info.plist;
				LD_RUNPATH_SEARCH_PATHS = "$(inherited) @executable_path/Frameworks @loader_path/Frameworks";
				PRODUCT_BUNDLE_IDENTIFIER = com.TABIIBUITests;
				PRODUCT_NAME = "$(TARGET_NAME)";
				TEST_TARGET_NAME = TABIIB;
			};
			name = Debug;
		};
		527306E11E8CD5FB00EE0936 /* Release */ = {
			isa = XCBuildConfiguration;
			buildSettings = {
				INFOPLIST_FILE = TABIIBUITests/Info.plist;
				LD_RUNPATH_SEARCH_PATHS = "$(inherited) @executable_path/Frameworks @loader_path/Frameworks";
				PRODUCT_BUNDLE_IDENTIFIER = com.TABIIBUITests;
				PRODUCT_NAME = "$(TARGET_NAME)";
				TEST_TARGET_NAME = TABIIB;
			};
			name = Release;
		};
/* End XCBuildConfiguration section */

/* Begin XCConfigurationList section */
		527306A71E8CD5FA00EE0936 /* Build configuration list for PBXProject "TABIIB" */ = {
			isa = XCConfigurationList;
			buildConfigurations = (
				527306D71E8CD5FB00EE0936 /* Debug */,
				527306D81E8CD5FB00EE0936 /* Release */,
			);
			defaultConfigurationIsVisible = 0;
			defaultConfigurationName = Release;
		};
		527306D91E8CD5FB00EE0936 /* Build configuration list for PBXNativeTarget "TABIIB" */ = {
			isa = XCConfigurationList;
			buildConfigurations = (
				527306DA1E8CD5FB00EE0936 /* Debug */,
				527306DB1E8CD5FB00EE0936 /* Release */,
			);
			defaultConfigurationIsVisible = 0;
		};
		527306DC1E8CD5FB00EE0936 /* Build configuration list for PBXNativeTarget "TABIIBTests" */ = {
			isa = XCConfigurationList;
			buildConfigurations = (
				527306DD1E8CD5FB00EE0936 /* Debug */,
				527306DE1E8CD5FB00EE0936 /* Release */,
			);
			defaultConfigurationIsVisible = 0;
		};
		527306DF1E8CD5FB00EE0936 /* Build configuration list for PBXNativeTarget "TABIIBUITests" */ = {
			isa = XCConfigurationList;
			buildConfigurations = (
				527306E01E8CD5FB00EE0936 /* Debug */,
				527306E11E8CD5FB00EE0936 /* Release */,
			);
			defaultConfigurationIsVisible = 0;
		};
/* End XCConfigurationList section */
	};
	rootObject = 527306A41E8CD5FA00EE0936 /* Project object */;
}
